// !$*UTF8*$!
{
	archiveVersion = 1;
	classes = {
	};
	objectVersion = 56;
	objects = {

/* Begin PBXBuildFile section */
		5992E1442B8C9C4800B56843 /* landmarkData.json in Resources */ = {isa = PBXBuildFile; fileRef = 5992E1432B8C9C4800B56843 /* landmarkData.json */; };
		5992E1462B8C9C7600B56843 /* Landmark.swift in Sources */ = {isa = PBXBuildFile; fileRef = 5992E1452B8C9C7600B56843 /* Landmark.swift */; };
		5992E1482B8CA83400B56843 /* ModelData.swift in Sources */ = {isa = PBXBuildFile; fileRef = 5992E1472B8CA83400B56843 /* ModelData.swift */; };
		5992E14D2B8CB60900B56843 /* LandmarkRow.swift in Sources */ = {isa = PBXBuildFile; fileRef = 5992E14C2B8CB60900B56843 /* LandmarkRow.swift */; };
		5992E14F2B8CB7A200B56843 /* LandmarkList.swift in Sources */ = {isa = PBXBuildFile; fileRef = 5992E14E2B8CB7A200B56843 /* LandmarkList.swift */; };
		5992E1512B8CC3B800B56843 /* LandmarkDetail.swift in Sources */ = {isa = PBXBuildFile; fileRef = 5992E1502B8CC3B800B56843 /* LandmarkDetail.swift */; };
		59B948DC2B8C4840007DDCB8 /* LandmarksApp.swift in Sources */ = {isa = PBXBuildFile; fileRef = 59B948DB2B8C4840007DDCB8 /* LandmarksApp.swift */; };
		59B948DE2B8C4840007DDCB8 /* ContentView.swift in Sources */ = {isa = PBXBuildFile; fileRef = 59B948DD2B8C4840007DDCB8 /* ContentView.swift */; };
		59B948E02B8C4842007DDCB8 /* Assets.xcassets in Resources */ = {isa = PBXBuildFile; fileRef = 59B948DF2B8C4842007DDCB8 /* Assets.xcassets */; };
		59B948E32B8C4842007DDCB8 /* Preview Assets.xcassets in Resources */ = {isa = PBXBuildFile; fileRef = 59B948E22B8C4842007DDCB8 /* Preview Assets.xcassets */; };
		59B948EA2B8C6039007DDCB8 /* CircleImage.swift in Sources */ = {isa = PBXBuildFile; fileRef = 59B948E92B8C6039007DDCB8 /* CircleImage.swift */; };
		59B948EC2B8C6281007DDCB8 /* MapView.swift in Sources */ = {isa = PBXBuildFile; fileRef = 59B948EB2B8C6281007DDCB8 /* MapView.swift */; };
		59EDD7DF2B8CDC0300EB5D1C /* README.md in Resources */ = {isa = PBXBuildFile; fileRef = 59EDD7DE2B8CDC0300EB5D1C /* README.md */; };
/* End PBXBuildFile section */

/* Begin PBXFileReference section */
		5992E1432B8C9C4800B56843 /* landmarkData.json */ = {isa = PBXFileReference; fileEncoding = 4; lastKnownFileType = text.json; path = landmarkData.json; sourceTree = "<group>"; };
		5992E1452B8C9C7600B56843 /* Landmark.swift */ = {isa = PBXFileReference; lastKnownFileType = sourcecode.swift; path = Landmark.swift; sourceTree = "<group>"; };
		5992E1472B8CA83400B56843 /* ModelData.swift */ = {isa = PBXFileReference; lastKnownFileType = sourcecode.swift; path = ModelData.swift; sourceTree = "<group>"; };
		5992E14C2B8CB60900B56843 /* LandmarkRow.swift */ = {isa = PBXFileReference; lastKnownFileType = sourcecode.swift; path = LandmarkRow.swift; sourceTree = "<group>"; };
		5992E14E2B8CB7A200B56843 /* LandmarkList.swift */ = {isa = PBXFileReference; lastKnownFileType = sourcecode.swift; path = LandmarkList.swift; sourceTree = "<group>"; };
		5992E1502B8CC3B800B56843 /* LandmarkDetail.swift */ = {isa = PBXFileReference; lastKnownFileType = sourcecode.swift; path = LandmarkDetail.swift; sourceTree = "<group>"; };
		59B948D82B8C4840007DDCB8 /* Landmarks.app */ = {isa = PBXFileReference; explicitFileType = wrapper.application; includeInIndex = 0; path = Landmarks.app; sourceTree = BUILT_PRODUCTS_DIR; };
		59B948DB2B8C4840007DDCB8 /* LandmarksApp.swift */ = {isa = PBXFileReference; lastKnownFileType = sourcecode.swift; path = LandmarksApp.swift; sourceTree = "<group>"; };
		59B948DD2B8C4840007DDCB8 /* ContentView.swift */ = {isa = PBXFileReference; lastKnownFileType = sourcecode.swift; path = ContentView.swift; sourceTree = "<group>"; };
		59B948DF2B8C4842007DDCB8 /* Assets.xcassets */ = {isa = PBXFileReference; lastKnownFileType = folder.assetcatalog; path = Assets.xcassets; sourceTree = "<group>"; };
		59B948E22B8C4842007DDCB8 /* Preview Assets.xcassets */ = {isa = PBXFileReference; lastKnownFileType = folder.assetcatalog; path = "Preview Assets.xcassets"; sourceTree = "<group>"; };
		59B948E92B8C6039007DDCB8 /* CircleImage.swift */ = {isa = PBXFileReference; lastKnownFileType = sourcecode.swift; path = CircleImage.swift; sourceTree = "<group>"; };
		59B948EB2B8C6281007DDCB8 /* MapView.swift */ = {isa = PBXFileReference; lastKnownFileType = sourcecode.swift; path = MapView.swift; sourceTree = "<group>"; };
		59EDD7DE2B8CDC0300EB5D1C /* README.md */ = {isa = PBXFileReference; lastKnownFileType = net.daringfireball.markdown; path = README.md; sourceTree = "<group>"; };
/* End PBXFileReference section */

/* Begin PBXFrameworksBuildPhase section */
		59B948D52B8C4840007DDCB8 /* Frameworks */ = {
			isa = PBXFrameworksBuildPhase;
			buildActionMask = 2147483647;
			files = (
			);
			runOnlyForDeploymentPostprocessing = 0;
		};
/* End PBXFrameworksBuildPhase section */

/* Begin PBXGroup section */
		5992E1492B8CB4D800B56843 /* View */ = {
			isa = PBXGroup;
			children = (
				5992E14C2B8CB60900B56843 /* LandmarkRow.swift */,
				5992E14E2B8CB7A200B56843 /* LandmarkList.swift */,
				5992E1502B8CC3B800B56843 /* LandmarkDetail.swift */,
				59B948DD2B8C4840007DDCB8 /* ContentView.swift */,
				59B948E92B8C6039007DDCB8 /* CircleImage.swift */,
				59B948EB2B8C6281007DDCB8 /* MapView.swift */,
			);
			path = View;
			sourceTree = "<group>";
		};
		5992E14A2B8CB50600B56843 /* Model */ = {
			isa = PBXGroup;
			children = (
				5992E1452B8C9C7600B56843 /* Landmark.swift */,
				5992E1472B8CA83400B56843 /* ModelData.swift */,
			);
			path = Model;
			sourceTree = "<group>";
		};
		5992E14B2B8CB51D00B56843 /* Resources */ = {
			isa = PBXGroup;
			children = (
				5992E1432B8C9C4800B56843 /* landmarkData.json */,
			);
			path = Resources;
			sourceTree = "<group>";
		};
		59B948CF2B8C4840007DDCB8 = {
			isa = PBXGroup;
			children = (
				59B948DA2B8C4840007DDCB8 /* Landmarks */,
				59B948D92B8C4840007DDCB8 /* Products */,
			);
			sourceTree = "<group>";
		};
		59B948D92B8C4840007DDCB8 /* Products */ = {
			isa = PBXGroup;
			children = (
				59B948D82B8C4840007DDCB8 /* Landmarks.app */,
			);
			name = Products;
			sourceTree = "<group>";
		};
		59B948DA2B8C4840007DDCB8 /* Landmarks */ = {
			isa = PBXGroup;
			children = (
				59B948DB2B8C4840007DDCB8 /* LandmarksApp.swift */,
				5992E1492B8CB4D800B56843 /* View */,
				5992E14B2B8CB51D00B56843 /* Resources */,
				5992E14A2B8CB50600B56843 /* Model */,
				59B948DF2B8C4842007DDCB8 /* Assets.xcassets */,
				59B948E12B8C4842007DDCB8 /* Preview Content */,
				59EDD7DE2B8CDC0300EB5D1C /* README.md */,
			);
			path = Landmarks;
			sourceTree = "<group>";
		};
		59B948E12B8C4842007DDCB8 /* Preview Content */ = {
			isa = PBXGroup;
			children = (
				59B948E22B8C4842007DDCB8 /* Preview Assets.xcassets */,
			);
			path = "Preview Content";
			sourceTree = "<group>";
		};
/* End PBXGroup section */

/* Begin PBXNativeTarget section */
		59B948D72B8C4840007DDCB8 /* Landmarks */ = {
			isa = PBXNativeTarget;
			buildConfigurationList = 59B948E62B8C4842007DDCB8 /* Build configuration list for PBXNativeTarget "Landmarks" */;
			buildPhases = (
				59B948D42B8C4840007DDCB8 /* Sources */,
				59B948D52B8C4840007DDCB8 /* Frameworks */,
				59B948D62B8C4840007DDCB8 /* Resources */,
			);
			buildRules = (
			);
			dependencies = (
			);
			name = Landmarks;
			productName = Landmarks;
			productReference = 59B948D82B8C4840007DDCB8 /* Landmarks.app */;
			productType = "com.apple.product-type.application";
		};
/* End PBXNativeTarget section */

/* Begin PBXProject section */
		59B948D02B8C4840007DDCB8 /* Project object */ = {
			isa = PBXProject;
			attributes = {
				BuildIndependentTargetsInParallel = 1;
				LastSwiftUpdateCheck = 1520;
				LastUpgradeCheck = 1520;
				TargetAttributes = {
					59B948D72B8C4840007DDCB8 = {
						CreatedOnToolsVersion = 15.2;
					};
				};
			};
			buildConfigurationList = 59B948D32B8C4840007DDCB8 /* Build configuration list for PBXProject "Landmarks" */;
			compatibilityVersion = "Xcode 14.0";
			developmentRegion = en;
			hasScannedForEncodings = 0;
			knownRegions = (
				en,
				Base,
			);
			mainGroup = 59B948CF2B8C4840007DDCB8;
			productRefGroup = 59B948D92B8C4840007DDCB8 /* Products */;
			projectDirPath = "";
			projectRoot = "";
			targets = (
				59B948D72B8C4840007DDCB8 /* Landmarks */,
			);
		};
/* End PBXProject section */

/* Begin PBXResourcesBuildPhase section */
		59B948D62B8C4840007DDCB8 /* Resources */ = {
			isa = PBXResourcesBuildPhase;
			buildActionMask = 2147483647;
			files = (
				59B948E32B8C4842007DDCB8 /* Preview Assets.xcassets in Resources */,
				59B948E02B8C4842007DDCB8 /* Assets.xcassets in Resources */,
				59EDD7DF2B8CDC0300EB5D1C /* README.md in Resources */,
				5992E1442B8C9C4800B56843 /* landmarkData.json in Resources */,
			);
			runOnlyForDeploymentPostprocessing = 0;
		};
/* End PBXResourcesBuildPhase section */

/* Begin PBXSourcesBuildPhase section */
		59B948D42B8C4840007DDCB8 /* Sources */ = {
			isa = PBXSourcesBuildPhase;
			buildActionMask = 2147483647;
			files = (
				59B948DE2B8C4840007DDCB8 /* ContentView.swift in Sources */,
				59B948EC2B8C6281007DDCB8 /* MapView.swift in Sources */,
				59B948DC2B8C4840007DDCB8 /* LandmarksApp.swift in Sources */,
				5992E14F2B8CB7A200B56843 /* LandmarkList.swift in Sources */,
				5992E1512B8CC3B800B56843 /* LandmarkDetail.swift in Sources */,
				59B948EA2B8C6039007DDCB8 /* CircleImage.swift in Sources */,
				5992E1462B8C9C7600B56843 /* Landmark.swift in Sources */,
				5992E14D2B8CB60900B56843 /* LandmarkRow.swift in Sources */,
				5992E1482B8CA83400B56843 /* ModelData.swift in Sources */,
			);
			runOnlyForDeploymentPostprocessing = 0;
		};
/* End PBXSourcesBuildPhase section */

/* Begin XCBuildConfiguration section */
		59B948E42B8C4842007DDCB8 /* Debug */ = {
			isa = XCBuildConfiguration;
			buildSettings = {
				ALWAYS_SEARCH_USER_PATHS = NO;
				ASSETCATALOG_COMPILER_GENERATE_SWIFT_ASSET_SYMBOL_EXTENSIONS = YES;
				CLANG_ANALYZER_NONNULL = YES;
				CLANG_ANALYZER_NUMBER_OBJECT_CONVERSION = YES_AGGRESSIVE;
				CLANG_CXX_LANGUAGE_STANDARD = "gnu++20";
				CLANG_ENABLE_MODULES = YES;
				CLANG_ENABLE_OBJC_ARC = YES;
				CLANG_ENABLE_OBJC_WEAK = YES;
				CLANG_WARN_BLOCK_CAPTURE_AUTORELEASING = YES;
				CLANG_WARN_BOOL_CONVERSION = YES;
				CLANG_WARN_COMMA = YES;
				CLANG_WARN_CONSTANT_CONVERSION = YES;
				CLANG_WARN_DEPRECATED_OBJC_IMPLEMENTATIONS = YES;
				CLANG_WARN_DIRECT_OBJC_ISA_USAGE = YES_ERROR;
				CLANG_WARN_DOCUMENTATION_COMMENTS = YES;
				CLANG_WARN_EMPTY_BODY = YES;
				CLANG_WARN_ENUM_CONVERSION = YES;
				CLANG_WARN_INFINITE_RECURSION = YES;
				CLANG_WARN_INT_CONVERSION = YES;
				CLANG_WARN_NON_LITERAL_NULL_CONVERSION = YES;
				CLANG_WARN_OBJC_IMPLICIT_RETAIN_SELF = YES;
				CLANG_WARN_OBJC_LITERAL_CONVERSION = YES;
				CLANG_WARN_OBJC_ROOT_CLASS = YES_ERROR;
				CLANG_WARN_QUOTED_INCLUDE_IN_FRAMEWORK_HEADER = YES;
				CLANG_WARN_RANGE_LOOP_ANALYSIS = YES;
				CLANG_WARN_STRICT_PROTOTYPES = YES;
				CLANG_WARN_SUSPICIOUS_MOVE = YES;
				CLANG_WARN_UNGUARDED_AVAILABILITY = YES_AGGRESSIVE;
				CLANG_WARN_UNREACHABLE_CODE = YES;
				CLANG_WARN__DUPLICATE_METHOD_MATCH = YES;
				COPY_PHASE_STRIP = NO;
				DEBUG_INFORMATION_FORMAT = dwarf;
				ENABLE_STRICT_OBJC_MSGSEND = YES;
				ENABLE_TESTABILITY = YES;
				ENABLE_USER_SCRIPT_SANDBOXING = YES;
				GCC_C_LANGUAGE_STANDARD = gnu17;
				GCC_DYNAMIC_NO_PIC = NO;
				GCC_NO_COMMON_BLOCKS = YES;
				GCC_OPTIMIZATION_LEVEL = 0;
				GCC_PREPROCESSOR_DEFINITIONS = (
					"DEBUG=1",
					"$(inherited)",
				);
				GCC_WARN_64_TO_32_BIT_CONVERSION = YES;
				GCC_WARN_ABOUT_RETURN_TYPE = YES_ERROR;
				GCC_WARN_UNDECLARED_SELECTOR = YES;
				GCC_WARN_UNINITIALIZED_AUTOS = YES_AGGRESSIVE;
				GCC_WARN_UNUSED_FUNCTION = YES;
				GCC_WARN_UNUSED_VARIABLE = YES;
				IPHONEOS_DEPLOYMENT_TARGET = 17.2;
				LOCALIZATION_PREFERS_STRING_CATALOGS = YES;
				MTL_ENABLE_DEBUG_INFO = INCLUDE_SOURCE;
				MTL_FAST_MATH = YES;
				ONLY_ACTIVE_ARCH = YES;
				SDKROOT = iphoneos;
				SWIFT_ACTIVE_COMPILATION_CONDITIONS = "DEBUG $(inherited)";
				SWIFT_OPTIMIZATION_LEVEL = "-Onone";
			};
			name = Debug;
		};
		59B948E52B8C4842007DDCB8 /* Release */ = {
			isa = XCBuildConfiguration;
			buildSettings = {
				ALWAYS_SEARCH_USER_PATHS = NO;
				ASSETCATALOG_COMPILER_GENERATE_SWIFT_ASSET_SYMBOL_EXTENSIONS = YES;
				CLANG_ANALYZER_NONNULL = YES;
				CLANG_ANALYZER_NUMBER_OBJECT_CONVERSION = YES_AGGRESSIVE;
				CLANG_CXX_LANGUAGE_STANDARD = "gnu++20";
				CLANG_ENABLE_MODULES = YES;
				CLANG_ENABLE_OBJC_ARC = YES;
				CLANG_ENABLE_OBJC_WEAK = YES;
				CLANG_WARN_BLOCK_CAPTURE_AUTORELEASING = YES;
				CLANG_WARN_BOOL_CONVERSION = YES;
				CLANG_WARN_COMMA = YES;
				CLANG_WARN_CONSTANT_CONVERSION = YES;
				CLANG_WARN_DEPRECATED_OBJC_IMPLEMENTATIONS = YES;
				CLANG_WARN_DIRECT_OBJC_ISA_USAGE = YES_ERROR;
				CLANG_WARN_DOCUMENTATION_COMMENTS = YES;
				CLANG_WARN_EMPTY_BODY = YES;
				CLANG_WARN_ENUM_CONVERSION = YES;
				CLANG_WARN_INFINITE_RECURSION = YES;
				CLANG_WARN_INT_CONVERSION = YES;
				CLANG_WARN_NON_LITERAL_NULL_CONVERSION = YES;
				CLANG_WARN_OBJC_IMPLICIT_RETAIN_SELF = YES;
				CLANG_WARN_OBJC_LITERAL_CONVERSION = YES;
				CLANG_WARN_OBJC_ROOT_CLASS = YES_ERROR;
				CLANG_WARN_QUOTED_INCLUDE_IN_FRAMEWORK_HEADER = YES;
				CLANG_WARN_RANGE_LOOP_ANALYSIS = YES;
				CLANG_WARN_STRICT_PROTOTYPES = YES;
				CLANG_WARN_SUSPICIOUS_MOVE = YES;
				CLANG_WARN_UNGUARDED_AVAILABILITY = YES_AGGRESSIVE;
				CLANG_WARN_UNREACHABLE_CODE = YES;
				CLANG_WARN__DUPLICATE_METHOD_MATCH = YES;
				COPY_PHASE_STRIP = NO;
				DEBUG_INFORMATION_FORMAT = "dwarf-with-dsym";
				ENABLE_NS_ASSERTIONS = NO;
				ENABLE_STRICT_OBJC_MSGSEND = YES;
				ENABLE_USER_SCRIPT_SANDBOXING = YES;
				GCC_C_LANGUAGE_STANDARD = gnu17;
				GCC_NO_COMMON_BLOCKS = YES;
				GCC_WARN_64_TO_32_BIT_CONVERSION = YES;
				GCC_WARN_ABOUT_RETURN_TYPE = YES_ERROR;
				GCC_WARN_UNDECLARED_SELECTOR = YES;
				GCC_WARN_UNINITIALIZED_AUTOS = YES_AGGRESSIVE;
				GCC_WARN_UNUSED_FUNCTION = YES;
				GCC_WARN_UNUSED_VARIABLE = YES;
				IPHONEOS_DEPLOYMENT_TARGET = 17.2;
				LOCALIZATION_PREFERS_STRING_CATALOGS = YES;
				MTL_ENABLE_DEBUG_INFO = NO;
				MTL_FAST_MATH = YES;
				SDKROOT = iphoneos;
				SWIFT_COMPILATION_MODE = wholemodule;
				VALIDATE_PRODUCT = YES;
			};
			name = Release;
		};
		59B948E72B8C4842007DDCB8 /* Debug */ = {
			isa = XCBuildConfiguration;
			buildSettings = {
				ASSETCATALOG_COMPILER_APPICON_NAME = AppIcon;
				ASSETCATALOG_COMPILER_GLOBAL_ACCENT_COLOR_NAME = AccentColor;
				CODE_SIGN_STYLE = Automatic;
				CURRENT_PROJECT_VERSION = 1;
				DEVELOPMENT_ASSET_PATHS = "\"Landmarks/Preview Content\"";
				DEVELOPMENT_TEAM = 8N4M7PA2K3;
				ENABLE_PREVIEWS = YES;
				GENERATE_INFOPLIST_FILE = YES;
				INFOPLIST_KEY_UIApplicationSceneManifest_Generation = YES;
				INFOPLIST_KEY_UIApplicationSupportsIndirectInputEvents = YES;
				INFOPLIST_KEY_UILaunchScreen_Generation = YES;
				INFOPLIST_KEY_UISupportedInterfaceOrientations_iPad = "UIInterfaceOrientationPortrait UIInterfaceOrientationPortraitUpsideDown UIInterfaceOrientationLandscapeLeft UIInterfaceOrientationLandscapeRight";
				INFOPLIST_KEY_UISupportedInterfaceOrientations_iPhone = "UIInterfaceOrientationPortrait UIInterfaceOrientationLandscapeLeft UIInterfaceOrientationLandscapeRight";
				LD_RUNPATH_SEARCH_PATHS = (
					"$(inherited)",
					"@executable_path/Frameworks",
				);
				MARKETING_VERSION = 1.0;
				PRODUCT_BUNDLE_IDENTIFIER = "com.xxy-mm.Landmarks";
				PRODUCT_NAME = "$(TARGET_NAME)";
				SWIFT_EMIT_LOC_STRINGS = YES;
				SWIFT_VERSION = 5.0;
				TARGETED_DEVICE_FAMILY = "1,2";
			};
			name = Debug;
		};
		59B948E82B8C4842007DDCB8 /* Release */ = {
			isa = XCBuildConfiguration;
			buildSettings = {
				ASSETCATALOG_COMPILER_APPICON_NAME = AppIcon;
				ASSETCATALOG_COMPILER_GLOBAL_ACCENT_COLOR_NAME = AccentColor;
				CODE_SIGN_STYLE = Automatic;
				CURRENT_PROJECT_VERSION = 1;
				DEVELOPMENT_ASSET_PATHS = "\"Landmarks/Preview Content\"";
				DEVELOPMENT_TEAM = 8N4M7PA2K3;
				ENABLE_PREVIEWS = YES;
				GENERATE_INFOPLIST_FILE = YES;
				INFOPLIST_KEY_UIApplicationSceneManifest_Generation = YES;
				INFOPLIST_KEY_UIApplicationSupportsIndirectInputEvents = YES;
				INFOPLIST_KEY_UILaunchScreen_Generation = YES;
				INFOPLIST_KEY_UISupportedInterfaceOrientations_iPad = "UIInterfaceOrientationPortrait UIInterfaceOrientationPortraitUpsideDown UIInterfaceOrientationLandscapeLeft UIInterfaceOrientationLandscapeRight";
				INFOPLIST_KEY_UISupportedInterfaceOrientations_iPhone = "UIInterfaceOrientationPortrait UIInterfaceOrientationLandscapeLeft UIInterfaceOrientationLandscapeRight";
				LD_RUNPATH_SEARCH_PATHS = (
					"$(inherited)",
					"@executable_path/Frameworks",
				);
				MARKETING_VERSION = 1.0;
				PRODUCT_BUNDLE_IDENTIFIER = "com.xxy-mm.Landmarks";
				PRODUCT_NAME = "$(TARGET_NAME)";
				SWIFT_EMIT_LOC_STRINGS = YES;
				SWIFT_VERSION = 5.0;
				TARGETED_DEVICE_FAMILY = "1,2";
			};
			name = Release;
		};
/* End XCBuildConfiguration section */

/* Begin XCConfigurationList section */
		59B948D32B8C4840007DDCB8 /* Build configuration list for PBXProject "Landmarks" */ = {
			isa = XCConfigurationList;
			buildConfigurations = (
				59B948E42B8C4842007DDCB8 /* Debug */,
				59B948E52B8C4842007DDCB8 /* Release */,
			);
			defaultConfigurationIsVisible = 0;
			defaultConfigurationName = Release;
		};
		59B948E62B8C4842007DDCB8 /* Build configuration list for PBXNativeTarget "Landmarks" */ = {
			isa = XCConfigurationList;
			buildConfigurations = (
				59B948E72B8C4842007DDCB8 /* Debug */,
				59B948E82B8C4842007DDCB8 /* Release */,
			);
			defaultConfigurationIsVisible = 0;
			defaultConfigurationName = Release;
		};
/* End XCConfigurationList section */
	};
	rootObject = 59B948D02B8C4840007DDCB8 /* Project object */;
}
